github.com/bsm/ginkgo/v2 v2.12.0 h1:Ny8MWAHyOepLGlLKYmXG4IEkioBysk6GpaRTLC8zwWs=
github.com/bsm/ginkgo/v2 v2.12.0/go.mod h1:SwYbGRRDovPVboqFv0tPTcG1sN61LM1Z4ARdbAV9g4c=
github.com/bsm/gomega v1.27.10 h1:yeMWxP2pV2fG3FgAODIY8EiRE3dy0aeFYt4l7wh6yKA=
github.com/bsm/gomega v1.27.10/go.mod h1:JyEr/xRbxbtgWNi8tIEVPUYZ5Dzef52k01W3YH0H+O0=
github.com/glaslos/go-osm v0.0.0-20170316165313-16aac6148584 h1:eeXnxX/yiPA26JTLtZJzstDd6y2iCRJPPuizZkWwQyM=
github.com/glaslos/go-osm v0.0.0-20170316165313-16aac6148584/go.mod h1:zpo70DbkJKtb+r78KDOC8jv4uzHCpTDHFVqYGf3Xnks=
github.com/golang/geo v0.0.0-20230421003525-6adc56603217 h1:HKlyj6in2JV6wVkmQ4XmG/EIm+SCYlPZ+V4GWit7Z+I=
github.com/golang/geo v0.0.0-20230421003525-6adc56603217/go.mod h1:8wI0hitZ3a1IxZfeH3/5I97CI8i5cLGsYe7xNhQGs9U=
