# This file is autogenerated, do not edit; changes may be undone by the next 'dep ensure'.


[[projects]]
  digest = "1:578fc4098a37e04fd357d2172eb1ed8922274f409b5d9d1eda77c45ab7b92180"
  name = "github.com/bsm/histogram"
  packages = ["."]
  pruneopts = ""
  revision = "253b217b3ad255d48994a6f74de4f82650f5e70d"
  version = "v2.0.0"

[[projects]]
  digest = "1:c9857a70700dce587411a66d7a8511924dc8f90ab677d58001cc82b5f8610b71"
  name = "github.com/bsm/instruments"
  packages = [
    ".",
    "datadog",
  ]
  pruneopts = ""
  revision = "444d5a234ec8a4d2037e81848006510363a7fdb4"
  version = "v1.3.3"

[[projects]]
  branch = "master"
  digest = "1:f07299fc0c8192ac69700f7ff37da190a5aac5941a181b7f9cb235a09feb0b36"
  name = "github.com/glaslos/go-osm"
  packages = ["."]
  pruneopts = ""
  revision = "16aac61485844b864df8696fc9365e732291b664"

[[projects]]
  branch = "master"
  digest = "1:d67c51f9bda7f3d937e4c06572a37ac9bee042739e759fd0dbabcd73f1334a47"
  name = "github.com/golang/geo"
  packages = [
    "r1",
    "r2",
    "r3",
    "s1",
    "s2",
  ]
  pruneopts = ""
  revision = "e41ca803f92c4c1770133cfa5b4fc8249a7dbe82"

[[projects]]
  branch = "master"
  digest = "1:27e28da060cfeac04eb782237922535d76d25783a781610d70bcacc453e2c5a4"
  name = "github.com/golang/leveldb"
  packages = [
    "crc",
    "db",
    "table",
  ]
  pruneopts = ""
  revision = "259d9253d71996b7778a3efb4144fe4892342b18"

[[projects]]
  branch = "master"
  digest = "1:075128b9fc42e6d99067da1a2e6c0a634a6043b5a60abe6909c51f5ecad37b6d"
  name = "github.com/golang/snappy"
  packages = ["."]
  pruneopts = ""
  revision = "2e65f85255dbc3072edf28d6b5b8efc472979f5a"

[[projects]]
  digest = "1:f16e7314ccb018314c5b7137c5df380d7b24cf5d2fa2b03a7631dd374edb132c"
  name = "github.com/onsi/ginkgo"
  packages = [
    ".",
    "config",
    "extensions/table",
    "internal/codelocation",
    "internal/containernode",
    "internal/failer",
    "internal/leafnodes",
    "internal/remote",
    "internal/spec",
    "internal/spec_iterator",
    "internal/specrunner",
    "internal/suite",
    "internal/testingtproxy",
    "internal/writer",
    "reporters",
    "reporters/stenographer",
    "reporters/stenographer/support/go-colorable",
    "reporters/stenographer/support/go-isatty",
    "types",
  ]
  pruneopts = ""
  revision = "fa5fabab2a1bfbd924faf4c067d07ae414e2aedf"
  version = "v1.5.0"

[[projects]]
  digest = "1:19250fabb359eb8c781e45fd7734218e66b016977476a98d63e22a0280db346a"
  name = "github.com/onsi/gomega"
  packages = [
    ".",
    "format",
    "internal/assertion",
    "internal/asyncassertion",
    "internal/oraclematcher",
    "internal/testingtsupport",
    "matchers",
    "matchers/support/goraph/bipartitegraph",
    "matchers/support/goraph/edge",
    "matchers/support/goraph/node",
    "matchers/support/goraph/util",
    "types",
  ]
  pruneopts = ""
  revision = "62bff4df71bdbc266561a0caee19f0594b17c240"
  version = "v1.4.0"

[[projects]]
  branch = "master"
  digest = "1:40b88aa81c5c32cdfac0680bd9eb42f9a43e6768acf102f700d652776c3da548"
  name = "github.com/syndtr/goleveldb"
  packages = [
    "leveldb",
    "leveldb/cache",
    "leveldb/comparer",
    "leveldb/errors",
    "leveldb/filter",
    "leveldb/iterator",
    "leveldb/journal",
    "leveldb/memdb",
    "leveldb/opt",
    "leveldb/storage",
    "leveldb/table",
    "leveldb/util",
  ]
  pruneopts = ""
  revision = "c4c61651e9e37fa117f53c5a906d3b63090d8445"

[[projects]]
  branch = "master"
  digest = "1:49cff339ec8c74ee64add028979e4ddabe9e3cb76d072372c2b046cb154ba982"
  name = "golang.org/x/net"
  packages = [
    "html",
    "html/atom",
    "html/charset",
  ]
  pruneopts = ""
  revision = "cffdcf672aee934982473246bc7e9a8ba446aa9b"

[[projects]]
  branch = "master"
  digest = "1:880f5ae3ffdd8741fe179f0f70b46df57fcdd746f3a0e9d0e189bb6a241535e4"
  name = "golang.org/x/sys"
  packages = ["unix"]
  pruneopts = ""
  revision = "1b2967e3c290b7c545b3db0deeda16e9be4f98a2"

[[projects]]
  digest = "1:af9bfca4298ef7502c52b1459df274eed401a4f5498b900e9a92d28d3d87ac5a"
  name = "golang.org/x/text"
  packages = [
    "encoding",
    "encoding/charmap",
    "encoding/htmlindex",
    "encoding/internal",
    "encoding/internal/identifier",
    "encoding/japanese",
    "encoding/korean",
    "encoding/simplifiedchinese",
    "encoding/traditionalchinese",
    "encoding/unicode",
    "internal/gen",
    "internal/tag",
    "internal/utf8internal",
    "language",
    "runes",
    "transform",
    "unicode/cldr",
  ]
  pruneopts = ""
  revision = "f21a4dfb5e38f5895301dc265a8def02365cc3d0"
  version = "v0.3.0"

[[projects]]
  digest = "1:f0620375dd1f6251d9973b5f2596228cc8042e887cd7f827e4220bc1ce8c30e2"
  name = "gopkg.in/yaml.v2"
  packages = ["."]
  pruneopts = ""
  revision = "5420a8b6744d3b0345ab293f6fcba19c978f1183"
  version = "v2.2.1"

[solve-meta]
  analyzer-name = "dep"
  analyzer-version = 1
  input-imports = [
    "github.com/bsm/instruments/datadog",
    "github.com/glaslos/go-osm",
    "github.com/golang/geo/r3",
    "github.com/golang/geo/s2",
    "github.com/golang/leveldb/db",
    "github.com/golang/leveldb/table",
    "github.com/golang/snappy",
    "github.com/onsi/ginkgo",
    "github.com/onsi/ginkgo/extensions/table",
    "github.com/onsi/gomega",
    "github.com/onsi/gomega/types",
    "github.com/syndtr/goleveldb/leveldb",
    "github.com/syndtr/goleveldb/leveldb/opt",
    "github.com/syndtr/goleveldb/leveldb/storage",
    "github.com/syndtr/goleveldb/leveldb/table",
  ]
  solver-name = "gps-cdcl"
  solver-version = 1
