# This file is autogenerated, do not edit; changes may be undone by the next 'dep ensure'.


[[projects]]
  branch = "master"
  name = "github.com/glaslos/go-osm"
  packages = ["."]
  revision = "16aac61485844b864df8696fc9365e732291b664"

[[projects]]
  branch = "master"
  name = "github.com/golang/geo"
  packages = ["r1","r2","r3","s1","s2"]
  revision = "1c54dc97bf1f185ebfeff37cfef5eb905321bc2f"

[[projects]]
  branch = "master"
  name = "github.com/golang/leveldb"
  packages = ["crc","db","table"]
  revision = "259d9253d71996b7778a3efb4144fe4892342b18"

[[projects]]
  branch = "master"
  name = "github.com/golang/snappy"
  packages = ["."]
  revision = "553a641470496b2327abcac10b36396bd98e45c9"

[[projects]]
  name = "github.com/onsi/ginkgo"
  packages = [".","config","extensions/table","internal/codelocation","internal/containernode","internal/failer","internal/leafnodes","internal/remote","internal/spec","internal/spec_iterator","internal/specrunner","internal/suite","internal/testingtproxy","internal/writer","reporters","reporters/stenographer","reporters/stenographer/support/go-colorable","reporters/stenographer/support/go-isatty","types"]
  revision = "9eda700730cba42af70d53180f9dcce9266bc2bc"
  version = "v1.4.0"

[[projects]]
  name = "github.com/onsi/gomega"
  packages = [".","format","internal/assertion","internal/asyncassertion","internal/oraclematcher","internal/testingtsupport","matchers","matchers/support/goraph/bipartitegraph","matchers/support/goraph/edge","matchers/support/goraph/node","matchers/support/goraph/util","types"]
  revision = "c893efa28eb45626cdaa76c9f653b62488858837"
  version = "v1.2.0"

[[projects]]
  branch = "master"
  name = "golang.org/x/net"
  packages = ["html","html/atom","html/charset"]
  revision = "ab5485076ff3407ad2d02db054635913f017b0ed"

[[projects]]
  branch = "master"
  name = "golang.org/x/sys"
  packages = ["unix"]
  revision = "c4489faa6e5ab84c0ef40d6ee878f7a030281f0f"

[[projects]]
  branch = "master"
  name = "golang.org/x/text"
  packages = ["encoding","encoding/charmap","encoding/htmlindex","encoding/internal","encoding/internal/identifier","encoding/japanese","encoding/korean","encoding/simplifiedchinese","encoding/traditionalchinese","encoding/unicode","internal/gen","internal/tag","internal/utf8internal","language","runes","transform","unicode/cldr"]
  revision = "836efe42bb4aa16aaa17b9c155d8813d336ed720"

[[projects]]
  branch = "v2"
  name = "gopkg.in/yaml.v2"
  packages = ["."]
  revision = "25c4ec802a7d637f88d584ab26798e94ad14c13b"

[solve-meta]
  analyzer-name = "dep"
  analyzer-version = 1
  inputs-digest = "fc8b5c2396af081c0e2fc0a389c9388d15df54a9e1687a5ae0c50938ee29d0c3"
  solver-name = "gps-cdcl"
  solver-version = 1
